
Microsoft Visual Studio Solution File, Format Version 12.00
# Visual Studio 14
VisualStudioVersion = 14.0.25420.1
MinimumVisualStudioVersion = 10.0.40219.1
Project("{8BC9CEB8-8B4A-11D0-8D11-00A0C91BC942}") = "Patel_HashTable", "Patel_HashTable\Patel_HashTable.vcxproj", "{D8E1F0B6-841A-4716-8C27-14A76079AB0A}"
EndProject
Global
	GlobalSection(Performance) = preSolution
		HasPerformanceSessions = true
	EndGlobalSection
	GlobalSection(SolutionConfigurationPlatforms) = preSolution
		Debug|Win32 = Debug|Win32
		Release|Win32 = Release|Win32
	EndGlobalSection
	GlobalSection(ProjectConfigurationPlatforms) = postSolution
		{D8E1F0B6-841A-4716-8C27-14A76079AB0A}.Debug|Win32.ActiveCfg = Debug|Win32
		{D8E1F0B6-841A-4716-8C27-14A76079AB0A}.Debug|Win32.Build.0 = Debug|Win32
		{D8E1F0B6-841A-4716-8C27-14A76079AB0A}.Release|Win32.ActiveCfg = Release|Win32
		{D8E1F0B6-841A-4716-8C27-14A76079AB0A}.Release|Win32.Build.0 = Release|Win32
	EndGlobalSection
	GlobalSection(SolutionProperties) = preSolution
		HideSolutionNode = FALSE
	EndGlobalSection
EndGlobal
